
Microsoft Visual Studio Solution File, Format Version 12.00
# Visual Studio Version 17
VisualStudioVersion = 17.3.32811.315
MinimumVisualStudioVersion = 10.0.40219.1
Project("{FAE04EC0-301F-11D3-BF4B-00C04F79EFBC}") = "SocketServer", "SocketServer\SocketServer.csproj", "{63076AA3-81A0-4FE4-9395-6BE410ADBD54}"
EndProject
Global
	GlobalSection(SolutionConfigurationPlatforms) = preSolution
		Debug|Any CPU = Debug|Any CPU
		Release|Any CPU = Release|Any CPU
	EndGlobalSection
	GlobalSection(ProjectConfigurationPlatforms) = postSolution
		{63076AA3-81A0-4FE4-9395-6BE410ADBD54}.Debug|Any CPU.ActiveCfg = Debug|Any CPU
		{63076AA3-81A0-4FE4-9395-6BE410ADBD54}.Debug|Any CPU.Build.0 = Debug|Any CPU
		{63076AA3-81A0-4FE4-9395-6BE410ADBD54}.Release|Any CPU.ActiveCfg = Release|Any CPU
		{63076AA3-81A0-4FE4-9395-6BE410ADBD54}.Release|Any CPU.Build.0 = Release|Any CPU
	EndGlobalSection
	GlobalSection(SolutionProperties) = preSolution
		HideSolutionNode = FALSE
	EndGlobalSection
	GlobalSection(ExtensibilityGlobals) = postSolution
		SolutionGuid = {97436F02-0DC0-4742-9C80-0952CFAC1439}
	EndGlobalSection
EndGlobal
